// !$*UTF8*$!
{
	archiveVersion = 1;
	classes = {
	};
	objectVersion = 46;
	objects = {

/* Begin PBXBuildFile section */
		6D022DEA1598EBF30030B45F /* main_icon.icns in Resources */ = {isa = PBXBuildFile; fileRef = 6D022DE91598EBF30030B45F /* main_icon.icns */; };
		6D2800BC13760D3E00BD8D0D /* Cocoa.framework in Frameworks */ = {isa = PBXBuildFile; fileRef = 6D2800BB13760D3E00BD8D0D /* Cocoa.framework */; };
		6D2800F213760DD500BD8D0D /* OpenGL.framework in Frameworks */ = {isa = PBXBuildFile; fileRef = 6D2800F113760DD500BD8D0D /* OpenGL.framework */; };
		6D2800F413760DDA00BD8D0D /* OpenAL.framework in Frameworks */ = {isa = PBXBuildFile; fileRef = 6D2800F313760DDA00BD8D0D /* OpenAL.framework */; };
		6D2800F613760DE400BD8D0D /* IOKit.framework in Frameworks */ = {isa = PBXBuildFile; fileRef = 6D2800F513760DE400BD8D0D /* IOKit.framework */; };
		6D2800F913760E7C00BD8D0D /* PolycodeView.mm in Sources */ = {isa = PBXBuildFile; fileRef = 6D2800F813760E7C00BD8D0D /* PolycodeView.mm */; };
		6D2800FC13760F2C00BD8D0D /* DiskerApp.cpp in Sources */ = {isa = PBXBuildFile; fileRef = 6D2800FA13760F2C00BD8D0D /* DiskerApp.cpp */; };
		6D2800FE13760FC400BD8D0D /* default.pak in Resources */ = {isa = PBXBuildFile; fileRef = 6D2800FD13760FC400BD8D0D /* default.pak */; };
		84438B8F18E5328200D1C6A6 /* Boundary.cpp in Sources */ = {isa = PBXBuildFile; fileRef = 84438B8D18E5328200D1C6A6 /* Boundary.cpp */; };
		84836A3E18E52ACA0088AEBA /* InputHandler.cpp in Sources */ = {isa = PBXBuildFile; fileRef = 84836A3818E52ACA0088AEBA /* InputHandler.cpp */; };
		84836A3F18E52ACA0088AEBA /* Player.cpp in Sources */ = {isa = PBXBuildFile; fileRef = 84836A3A18E52ACA0088AEBA /* Player.cpp */; };
		84836A4018E52ACA0088AEBA /* PlayerMovement.cpp in Sources */ = {isa = PBXBuildFile; fileRef = 84836A3C18E52ACA0088AEBA /* PlayerMovement.cpp */; };
		84836A4818E52CE80088AEBA /* DiskerAppDelegate.mm in Sources */ = {isa = PBXBuildFile; fileRef = 84836A4518E52CE80088AEBA /* DiskerAppDelegate.mm */; };
		84836A4918E52CE80088AEBA /* main.m in Sources */ = {isa = PBXBuildFile; fileRef = 84836A4618E52CE80088AEBA /* main.m */; };
		84836A5018E52D230088AEBA /* Credits.rtf in Resources */ = {isa = PBXBuildFile; fileRef = 84836A4A18E52D230088AEBA /* Credits.rtf */; };
		84836A5118E52D230088AEBA /* InfoPlist.strings in Resources */ = {isa = PBXBuildFile; fileRef = 84836A4C18E52D230088AEBA /* InfoPlist.strings */; };
		84836A5218E52D230088AEBA /* MainMenu.xib in Resources */ = {isa = PBXBuildFile; fileRef = 84836A4E18E52D230088AEBA /* MainMenu.xib */; };
		84836A5418E52D620088AEBA /* libPolycore.a in Frameworks */ = {isa = PBXBuildFile; fileRef = 84836A5318E52D620088AEBA /* libPolycore.a */; };
		84836A5D18E52D860088AEBA /* libfreetype.a in Frameworks */ = {isa = PBXBuildFile; fileRef = 84836A5518E52D860088AEBA /* libfreetype.a */; };
		84836A5E18E52D860088AEBA /* liblibogg.a in Frameworks */ = {isa = PBXBuildFile; fileRef = 84836A5618E52D860088AEBA /* liblibogg.a */; };
		84836A5F18E52D860088AEBA /* liblibvorbis.a in Frameworks */ = {isa = PBXBuildFile; fileRef = 84836A5718E52D860088AEBA /* liblibvorbis.a */; };
		84836A6018E52D860088AEBA /* liblibvorbisfile.a in Frameworks */ = {isa = PBXBuildFile; fileRef = 84836A5818E52D860088AEBA /* liblibvorbisfile.a */; };
		84836A6118E52D860088AEBA /* liblua5.1.a in Frameworks */ = {isa = PBXBuildFile; fileRef = 84836A5918E52D860088AEBA /* liblua5.1.a */; };
		84836A6218E52D860088AEBA /* libphysfs.a in Frameworks */ = {isa = PBXBuildFile; fileRef = 84836A5A18E52D860088AEBA /* libphysfs.a */; };
		84836A6318E52D860088AEBA /* libpng15.a in Frameworks */ = {isa = PBXBuildFile; fileRef = 84836A5B18E52D860088AEBA /* libpng15.a */; };
		84836A6418E52D860088AEBA /* libz.a in Frameworks */ = {isa = PBXBuildFile; fileRef = 84836A5C18E52D860088AEBA /* libz.a */; };
		84836A6818E52D9D0088AEBA /* libPolycode2DPhysics.a in Frameworks */ = {isa = PBXBuildFile; fileRef = 84836A6518E52D9D0088AEBA /* libPolycode2DPhysics.a */; };
		84836A6918E52D9D0088AEBA /* libPolycodeTUIO.a in Frameworks */ = {isa = PBXBuildFile; fileRef = 84836A6618E52D9D0088AEBA /* libPolycodeTUIO.a */; };
		84836A6A18E52D9D0088AEBA /* libPolycodeUI.a in Frameworks */ = {isa = PBXBuildFile; fileRef = 84836A6718E52D9D0088AEBA /* libPolycodeUI.a */; };
		84836A7418E52DBA0088AEBA /* libBox2D.a in Frameworks */ = {isa = PBXBuildFile; fileRef = 84836A6B18E52DBA0088AEBA /* libBox2D.a */; };
		84836A7518E52DBA0088AEBA /* libBulletCollision.a in Frameworks */ = {isa = PBXBuildFile; fileRef = 84836A6C18E52DBA0088AEBA /* libBulletCollision.a */; };
		84836A7618E52DBA0088AEBA /* libBulletDynamics.a in Frameworks */ = {isa = PBXBuildFile; fileRef = 84836A6D18E52DBA0088AEBA /* libBulletDynamics.a */; };
		84836A7718E52DBA0088AEBA /* libBulletMultiThreaded.a in Frameworks */ = {isa = PBXBuildFile; fileRef = 84836A6E18E52DBA0088AEBA /* libBulletMultiThreaded.a */; };
		84836A7818E52DBA0088AEBA /* libBulletSoftBody.a in Frameworks */ = {isa = PBXBuildFile; fileRef = 84836A6F18E52DBA0088AEBA /* libBulletSoftBody.a */; };
		84836A7918E52DBA0088AEBA /* libBulletSoftBodySolvers_CPU.a in Frameworks */ = {isa = PBXBuildFile; fileRef = 84836A7018E52DBA0088AEBA /* libBulletSoftBodySolvers_CPU.a */; };
		84836A7A18E52DBA0088AEBA /* libBulletSoftBodySolvers_OpenCL_Mini.a in Frameworks */ = {isa = PBXBuildFile; fileRef = 84836A7118E52DBA0088AEBA /* libBulletSoftBodySolvers_OpenCL_Mini.a */; };
		84836A7B18E52DBA0088AEBA /* libLinearMath.a in Frameworks */ = {isa = PBXBuildFile; fileRef = 84836A7218E52DBA0088AEBA /* libLinearMath.a */; };
		84836A7C18E52DBA0088AEBA /* libMiniCL.a in Frameworks */ = {isa = PBXBuildFile; fileRef = 84836A7318E52DBA0088AEBA /* libMiniCL.a */; };
		84E5C39218E63B700037180B /* CollisionHandler.cpp in Sources */ = {isa = PBXBuildFile; fileRef = 84E5C39018E63B700037180B /* CollisionHandler.cpp */; };
		84E5C39518E64F960037180B /* PlayerDeath.cpp in Sources */ = {isa = PBXBuildFile; fileRef = 84E5C39318E64F960037180B /* PlayerDeath.cpp */; };
/* End PBXBuildFile section */

/* Begin PBXFileReference section */
		6D022DE91598EBF30030B45F /* main_icon.icns */ = {isa = PBXFileReference; lastKnownFileType = image.icns; path = main_icon.icns; sourceTree = "<group>"; };
		6D2800B713760D3E00BD8D0D /* Disker.app */ = {isa = PBXFileReference; explicitFileType = wrapper.application; includeInIndex = 0; path = Disker.app; sourceTree = BUILT_PRODUCTS_DIR; };
		6D2800BB13760D3E00BD8D0D /* Cocoa.framework */ = {isa = PBXFileReference; lastKnownFileType = wrapper.framework; name = Cocoa.framework; path = System/Library/Frameworks/Cocoa.framework; sourceTree = SDKROOT; };
		6D2800BE13760D3E00BD8D0D /* AppKit.framework */ = {isa = PBXFileReference; lastKnownFileType = wrapper.framework; name = AppKit.framework; path = System/Library/Frameworks/AppKit.framework; sourceTree = SDKROOT; };
		6D2800BF13760D3E00BD8D0D /* CoreData.framework */ = {isa = PBXFileReference; lastKnownFileType = wrapper.framework; name = CoreData.framework; path = System/Library/Frameworks/CoreData.framework; sourceTree = SDKROOT; };
		6D2800C013760D3E00BD8D0D /* Foundation.framework */ = {isa = PBXFileReference; lastKnownFileType = wrapper.framework; name = Foundation.framework; path = System/Library/Frameworks/Foundation.framework; sourceTree = SDKROOT; };
		6D2800F113760DD500BD8D0D /* OpenGL.framework */ = {isa = PBXFileReference; lastKnownFileType = wrapper.framework; name = OpenGL.framework; path = System/Library/Frameworks/OpenGL.framework; sourceTree = SDKROOT; };
		6D2800F313760DDA00BD8D0D /* OpenAL.framework */ = {isa = PBXFileReference; lastKnownFileType = wrapper.framework; name = OpenAL.framework; path = System/Library/Frameworks/OpenAL.framework; sourceTree = SDKROOT; };
		6D2800F513760DE400BD8D0D /* IOKit.framework */ = {isa = PBXFileReference; lastKnownFileType = wrapper.framework; name = IOKit.framework; path = System/Library/Frameworks/IOKit.framework; sourceTree = SDKROOT; };
		6D2800F713760E7C00BD8D0D /* PolycodeView.h */ = {isa = PBXFileReference; fileEncoding = 4; lastKnownFileType = sourcecode.c.h; name = PolycodeView.h; path = ../Core/PolycodeView/PolycodeView.h; sourceTree = "<group>"; };
		6D2800F813760E7C00BD8D0D /* PolycodeView.mm */ = {isa = PBXFileReference; fileEncoding = 4; lastKnownFileType = sourcecode.cpp.objcpp; name = PolycodeView.mm; path = ../Core/PolycodeView/PolycodeView.mm; sourceTree = "<group>"; };
		6D2800FA13760F2C00BD8D0D /* DiskerApp.cpp */ = {isa = PBXFileReference; explicitFileType = sourcecode.cpp.objcpp.preprocessed; fileEncoding = 4; name = DiskerApp.cpp; path = Disker/DiskerApp.cpp; sourceTree = "<group>"; };
		6D2800FB13760F2C00BD8D0D /* DiskerApp.h */ = {isa = PBXFileReference; fileEncoding = 4; lastKnownFileType = sourcecode.c.h; name = DiskerApp.h; path = Disker/DiskerApp.h; sourceTree = "<group>"; };
		6D2800FD13760FC400BD8D0D /* default.pak */ = {isa = PBXFileReference; lastKnownFileType = file; name = default.pak; path = ../Resources/default.pak; sourceTree = "<group>"; };
		84438B8D18E5328200D1C6A6 /* Boundary.cpp */ = {isa = PBXFileReference; explicitFileType = sourcecode.cpp.objcpp.preprocessed; fileEncoding = 4; path = Boundary.cpp; sourceTree = "<group>"; };
		84438B8E18E5328200D1C6A6 /* Boundary.h */ = {isa = PBXFileReference; fileEncoding = 4; lastKnownFileType = sourcecode.c.h; path = Boundary.h; sourceTree = "<group>"; };
		84836A3818E52ACA0088AEBA /* InputHandler.cpp */ = {isa = PBXFileReference; explicitFileType = sourcecode.cpp.objcpp.preprocessed; fileEncoding = 4; path = InputHandler.cpp; sourceTree = "<group>"; };
		84836A3918E52ACA0088AEBA /* InputHandler.h */ = {isa = PBXFileReference; fileEncoding = 4; lastKnownFileType = sourcecode.c.h; path = InputHandler.h; sourceTree = "<group>"; };
		84836A3A18E52ACA0088AEBA /* Player.cpp */ = {isa = PBXFileReference; explicitFileType = sourcecode.cpp.objcpp.preprocessed; fileEncoding = 4; path = Player.cpp; sourceTree = "<group>"; };
		84836A3B18E52ACA0088AEBA /* Player.h */ = {isa = PBXFileReference; fileEncoding = 4; lastKnownFileType = sourcecode.c.h; path = Player.h; sourceTree = "<group>"; };
		84836A3C18E52ACA0088AEBA /* PlayerMovement.cpp */ = {isa = PBXFileReference; explicitFileType = sourcecode.cpp.objcpp.preprocessed; fileEncoding = 4; path = PlayerMovement.cpp; sourceTree = "<group>"; };
		84836A3D18E52ACA0088AEBA /* PlayerMovement.h */ = {isa = PBXFileReference; fileEncoding = 4; lastKnownFileType = sourcecode.c.h; path = PlayerMovement.h; sourceTree = "<group>"; };
		84836A4218E52CE80088AEBA /* Disker-Info.plist */ = {isa = PBXFileReference; fileEncoding = 4; lastKnownFileType = text.plist.xml; path = "Disker-Info.plist"; sourceTree = "<group>"; };
		84836A4318E52CE80088AEBA /* Disker-Prefix.pch */ = {isa = PBXFileReference; fileEncoding = 4; lastKnownFileType = sourcecode.c.h; path = "Disker-Prefix.pch"; sourceTree = "<group>"; };
		84836A4418E52CE80088AEBA /* DiskerAppDelegate.h */ = {isa = PBXFileReference; fileEncoding = 4; lastKnownFileType = sourcecode.c.h; path = DiskerAppDelegate.h; sourceTree = "<group>"; };
		84836A4518E52CE80088AEBA /* DiskerAppDelegate.mm */ = {isa = PBXFileReference; fileEncoding = 4; lastKnownFileType = sourcecode.cpp.objcpp; path = DiskerAppDelegate.mm; sourceTree = "<group>"; };
		84836A4618E52CE80088AEBA /* main.m */ = {isa = PBXFileReference; fileEncoding = 4; lastKnownFileType = sourcecode.c.objc; path = main.m; sourceTree = "<group>"; };
		84836A4B18E52D230088AEBA /* en */ = {isa = PBXFileReference; lastKnownFileType = text.rtf; name = en; path = en.lproj/Credits.rtf; sourceTree = "<group>"; };
		84836A4D18E52D230088AEBA /* en */ = {isa = PBXFileReference; lastKnownFileType = text.plist.strings; name = en; path = en.lproj/InfoPlist.strings; sourceTree = "<group>"; };
		84836A4F18E52D230088AEBA /* en */ = {isa = PBXFileReference; lastKnownFileType = file.xib; name = en; path = en.lproj/MainMenu.xib; sourceTree = "<group>"; };
		84836A5318E52D620088AEBA /* libPolycore.a */ = {isa = PBXFileReference; lastKnownFileType = archive.ar; name = libPolycore.a; path = Core/lib/libPolycore.a; sourceTree = "<group>"; };
		84836A5518E52D860088AEBA /* libfreetype.a */ = {isa = PBXFileReference; lastKnownFileType = archive.ar; name = libfreetype.a; path = Core/Dependencies/lib/libfreetype.a; sourceTree = "<group>"; };
		84836A5618E52D860088AEBA /* liblibogg.a */ = {isa = PBXFileReference; lastKnownFileType = archive.ar; name = liblibogg.a; path = Core/Dependencies/lib/liblibogg.a; sourceTree = "<group>"; };
		84836A5718E52D860088AEBA /* liblibvorbis.a */ = {isa = PBXFileReference; lastKnownFileType = archive.ar; name = liblibvorbis.a; path = Core/Dependencies/lib/liblibvorbis.a; sourceTree = "<group>"; };
		84836A5818E52D860088AEBA /* liblibvorbisfile.a */ = {isa = PBXFileReference; lastKnownFileType = archive.ar; name = liblibvorbisfile.a; path = Core/Dependencies/lib/liblibvorbisfile.a; sourceTree = "<group>"; };
		84836A5918E52D860088AEBA /* liblua5.1.a */ = {isa = PBXFileReference; lastKnownFileType = archive.ar; name = liblua5.1.a; path = Core/Dependencies/lib/liblua5.1.a; sourceTree = "<group>"; };
		84836A5A18E52D860088AEBA /* libphysfs.a */ = {isa = PBXFileReference; lastKnownFileType = archive.ar; name = libphysfs.a; path = Core/Dependencies/lib/libphysfs.a; sourceTree = "<group>"; };
		84836A5B18E52D860088AEBA /* libpng15.a */ = {isa = PBXFileReference; lastKnownFileType = archive.ar; name = libpng15.a; path = Core/Dependencies/lib/libpng15.a; sourceTree = "<group>"; };
		84836A5C18E52D860088AEBA /* libz.a */ = {isa = PBXFileReference; lastKnownFileType = archive.ar; name = libz.a; path = Core/Dependencies/lib/libz.a; sourceTree = "<group>"; };
		84836A6518E52D9D0088AEBA /* libPolycode2DPhysics.a */ = {isa = PBXFileReference; lastKnownFileType = archive.ar; name = libPolycode2DPhysics.a; path = Modules/lib/libPolycode2DPhysics.a; sourceTree = "<group>"; };
		84836A6618E52D9D0088AEBA /* libPolycodeTUIO.a */ = {isa = PBXFileReference; lastKnownFileType = archive.ar; name = libPolycodeTUIO.a; path = Modules/lib/libPolycodeTUIO.a; sourceTree = "<group>"; };
		84836A6718E52D9D0088AEBA /* libPolycodeUI.a */ = {isa = PBXFileReference; lastKnownFileType = archive.ar; name = libPolycodeUI.a; path = Modules/lib/libPolycodeUI.a; sourceTree = "<group>"; };
		84836A6B18E52DBA0088AEBA /* libBox2D.a */ = {isa = PBXFileReference; lastKnownFileType = archive.ar; name = libBox2D.a; path = Modules/Dependencies/lib/libBox2D.a; sourceTree = "<group>"; };
		84836A6C18E52DBA0088AEBA /* libBulletCollision.a */ = {isa = PBXFileReference; lastKnownFileType = archive.ar; name = libBulletCollision.a; path = Modules/Dependencies/lib/libBulletCollision.a; sourceTree = "<group>"; };
		84836A6D18E52DBA0088AEBA /* libBulletDynamics.a */ = {isa = PBXFileReference; lastKnownFileType = archive.ar; name = libBulletDynamics.a; path = Modules/Dependencies/lib/libBulletDynamics.a; sourceTree = "<group>"; };
		84836A6E18E52DBA0088AEBA /* libBulletMultiThreaded.a */ = {isa = PBXFileReference; lastKnownFileType = archive.ar; name = libBulletMultiThreaded.a; path = Modules/Dependencies/lib/libBulletMultiThreaded.a; sourceTree = "<group>"; };
		84836A6F18E52DBA0088AEBA /* libBulletSoftBody.a */ = {isa = PBXFileReference; lastKnownFileType = archive.ar; name = libBulletSoftBody.a; path = Modules/Dependencies/lib/libBulletSoftBody.a; sourceTree = "<group>"; };
		84836A7018E52DBA0088AEBA /* libBulletSoftBodySolvers_CPU.a */ = {isa = PBXFileReference; lastKnownFileType = archive.ar; name = libBulletSoftBodySolvers_CPU.a; path = Modules/Dependencies/lib/libBulletSoftBodySolvers_CPU.a; sourceTree = "<group>"; };
		84836A7118E52DBA0088AEBA /* libBulletSoftBodySolvers_OpenCL_Mini.a */ = {isa = PBXFileReference; lastKnownFileType = archive.ar; name = libBulletSoftBodySolvers_OpenCL_Mini.a; path = Modules/Dependencies/lib/libBulletSoftBodySolvers_OpenCL_Mini.a; sourceTree = "<group>"; };
		84836A7218E52DBA0088AEBA /* libLinearMath.a */ = {isa = PBXFileReference; lastKnownFileType = archive.ar; name = libLinearMath.a; path = Modules/Dependencies/lib/libLinearMath.a; sourceTree = "<group>"; };
		84836A7318E52DBA0088AEBA /* libMiniCL.a */ = {isa = PBXFileReference; lastKnownFileType = archive.ar; name = libMiniCL.a; path = Modules/Dependencies/lib/libMiniCL.a; sourceTree = "<group>"; };
		84E5C39018E63B700037180B /* CollisionHandler.cpp */ = {isa = PBXFileReference; explicitFileType = sourcecode.cpp.objcpp.preprocessed; fileEncoding = 4; path = CollisionHandler.cpp; sourceTree = "<group>"; };
		84E5C39118E63B700037180B /* CollisionHandler.h */ = {isa = PBXFileReference; fileEncoding = 4; lastKnownFileType = sourcecode.c.h; path = CollisionHandler.h; sourceTree = "<group>"; };
		84E5C39318E64F960037180B /* PlayerDeath.cpp */ = {isa = PBXFileReference; explicitFileType = sourcecode.cpp.objcpp.preprocessed; fileEncoding = 4; path = PlayerDeath.cpp; sourceTree = "<group>"; };
		84E5C39418E64F960037180B /* PlayerDeath.h */ = {isa = PBXFileReference; fileEncoding = 4; lastKnownFileType = sourcecode.c.h; path = PlayerDeath.h; sourceTree = "<group>"; };
/* End PBXFileReference section */

/* Begin PBXFrameworksBuildPhase section */
		6D2800B413760D3E00BD8D0D /* Frameworks */ = {
			isa = PBXFrameworksBuildPhase;
			buildActionMask = 2147483647;
			files = (
				84836A7418E52DBA0088AEBA /* libBox2D.a in Frameworks */,
				84836A7518E52DBA0088AEBA /* libBulletCollision.a in Frameworks */,
				84836A7618E52DBA0088AEBA /* libBulletDynamics.a in Frameworks */,
				84836A7718E52DBA0088AEBA /* libBulletMultiThreaded.a in Frameworks */,
				84836A7818E52DBA0088AEBA /* libBulletSoftBody.a in Frameworks */,
				84836A7918E52DBA0088AEBA /* libBulletSoftBodySolvers_CPU.a in Frameworks */,
				84836A7A18E52DBA0088AEBA /* libBulletSoftBodySolvers_OpenCL_Mini.a in Frameworks */,
				84836A7B18E52DBA0088AEBA /* libLinearMath.a in Frameworks */,
				84836A7C18E52DBA0088AEBA /* libMiniCL.a in Frameworks */,
				84836A6818E52D9D0088AEBA /* libPolycode2DPhysics.a in Frameworks */,
				84836A6918E52D9D0088AEBA /* libPolycodeTUIO.a in Frameworks */,
				84836A6A18E52D9D0088AEBA /* libPolycodeUI.a in Frameworks */,
				84836A5D18E52D860088AEBA /* libfreetype.a in Frameworks */,
				84836A5E18E52D860088AEBA /* liblibogg.a in Frameworks */,
				84836A5F18E52D860088AEBA /* liblibvorbis.a in Frameworks */,
				84836A6018E52D860088AEBA /* liblibvorbisfile.a in Frameworks */,
				84836A6118E52D860088AEBA /* liblua5.1.a in Frameworks */,
				84836A6218E52D860088AEBA /* libphysfs.a in Frameworks */,
				84836A6318E52D860088AEBA /* libpng15.a in Frameworks */,
				84836A6418E52D860088AEBA /* libz.a in Frameworks */,
				84836A5418E52D620088AEBA /* libPolycore.a in Frameworks */,
				6D2800F613760DE400BD8D0D /* IOKit.framework in Frameworks */,
				6D2800F413760DDA00BD8D0D /* OpenAL.framework in Frameworks */,
				6D2800F213760DD500BD8D0D /* OpenGL.framework in Frameworks */,
				6D2800BC13760D3E00BD8D0D /* Cocoa.framework in Frameworks */,
			);
			runOnlyForDeploymentPostprocessing = 0;
		};
/* End PBXFrameworksBuildPhase section */

/* Begin PBXGroup section */
		6D2800AC13760D3E00BD8D0D = {
			isa = PBXGroup;
			children = (
				84BBABC518DF69E5006D0CA7 /* Game */,
				6D2800C113760D3E00BD8D0D /* Disker */,
				6D2800BA13760D3E00BD8D0D /* Frameworks */,
				6D2800B813760D3E00BD8D0D /* Products */,
			);
			sourceTree = "<group>";
		};
		6D2800B813760D3E00BD8D0D /* Products */ = {
			isa = PBXGroup;
			children = (
				6D2800B713760D3E00BD8D0D /* Disker.app */,
			);
			name = Products;
			sourceTree = "<group>";
		};
		6D2800BA13760D3E00BD8D0D /* Frameworks */ = {
			isa = PBXGroup;
			children = (
				84836A6B18E52DBA0088AEBA /* libBox2D.a */,
				84836A6C18E52DBA0088AEBA /* libBulletCollision.a */,
				84836A6D18E52DBA0088AEBA /* libBulletDynamics.a */,
				84836A6E18E52DBA0088AEBA /* libBulletMultiThreaded.a */,
				84836A6F18E52DBA0088AEBA /* libBulletSoftBody.a */,
				84836A7018E52DBA0088AEBA /* libBulletSoftBodySolvers_CPU.a */,
				84836A7118E52DBA0088AEBA /* libBulletSoftBodySolvers_OpenCL_Mini.a */,
				84836A7218E52DBA0088AEBA /* libLinearMath.a */,
				84836A7318E52DBA0088AEBA /* libMiniCL.a */,
				84836A6518E52D9D0088AEBA /* libPolycode2DPhysics.a */,
				84836A6618E52D9D0088AEBA /* libPolycodeTUIO.a */,
				84836A6718E52D9D0088AEBA /* libPolycodeUI.a */,
				84836A5518E52D860088AEBA /* libfreetype.a */,
				84836A5618E52D860088AEBA /* liblibogg.a */,
				84836A5718E52D860088AEBA /* liblibvorbis.a */,
				84836A5818E52D860088AEBA /* liblibvorbisfile.a */,
				84836A5918E52D860088AEBA /* liblua5.1.a */,
				84836A5A18E52D860088AEBA /* libphysfs.a */,
				84836A5B18E52D860088AEBA /* libpng15.a */,
				84836A5C18E52D860088AEBA /* libz.a */,
				84836A5318E52D620088AEBA /* libPolycore.a */,
				6D2800F513760DE400BD8D0D /* IOKit.framework */,
				6D2800F313760DDA00BD8D0D /* OpenAL.framework */,
				6D2800F113760DD500BD8D0D /* OpenGL.framework */,
				6D2800BB13760D3E00BD8D0D /* Cocoa.framework */,
				6D2800BD13760D3E00BD8D0D /* Other Frameworks */,
			);
			name = Frameworks;
			sourceTree = "<group>";
		};
		6D2800BD13760D3E00BD8D0D /* Other Frameworks */ = {
			isa = PBXGroup;
			children = (
				6D2800BE13760D3E00BD8D0D /* AppKit.framework */,
				6D2800BF13760D3E00BD8D0D /* CoreData.framework */,
				6D2800C013760D3E00BD8D0D /* Foundation.framework */,
			);
			name = "Other Frameworks";
			sourceTree = "<group>";
		};
		6D2800C113760D3E00BD8D0D /* Disker */ = {
			isa = PBXGroup;
			children = (
				6D2800C213760D3E00BD8D0D /* Supporting Files */,
			);
			path = Disker;
			sourceTree = "<group>";
		};
		6D2800C213760D3E00BD8D0D /* Supporting Files */ = {
			isa = PBXGroup;
			children = (
				84836A4A18E52D230088AEBA /* Credits.rtf */,
				84836A4C18E52D230088AEBA /* InfoPlist.strings */,
				84836A4E18E52D230088AEBA /* MainMenu.xib */,
				84836A4218E52CE80088AEBA /* Disker-Info.plist */,
				84836A4318E52CE80088AEBA /* Disker-Prefix.pch */,
				84836A4418E52CE80088AEBA /* DiskerAppDelegate.h */,
				84836A4518E52CE80088AEBA /* DiskerAppDelegate.mm */,
				84836A4618E52CE80088AEBA /* main.m */,
				6D2800FD13760FC400BD8D0D /* default.pak */,
				6D022DE91598EBF30030B45F /* main_icon.icns */,
				6D2800F713760E7C00BD8D0D /* PolycodeView.h */,
				6D2800F813760E7C00BD8D0D /* PolycodeView.mm */,
			);
			name = "Supporting Files";
			sourceTree = "<group>";
		};
		84BBABC518DF69E5006D0CA7 /* Game */ = {
			isa = PBXGroup;
			children = (
				84438B8D18E5328200D1C6A6 /* Boundary.cpp */,
				84438B8E18E5328200D1C6A6 /* Boundary.h */,
				84E5C39018E63B700037180B /* CollisionHandler.cpp */,
				84E5C39118E63B700037180B /* CollisionHandler.h */,
				84836A3818E52ACA0088AEBA /* InputHandler.cpp */,
				84836A3918E52ACA0088AEBA /* InputHandler.h */,
				84836A3A18E52ACA0088AEBA /* Player.cpp */,
				84836A3B18E52ACA0088AEBA /* Player.h */,
				84836A3C18E52ACA0088AEBA /* PlayerMovement.cpp */,
				84836A3D18E52ACA0088AEBA /* PlayerMovement.h */,
				6D2800FA13760F2C00BD8D0D /* DiskerApp.cpp */,
				6D2800FB13760F2C00BD8D0D /* DiskerApp.h */,
				84E5C39318E64F960037180B /* PlayerDeath.cpp */,
				84E5C39418E64F960037180B /* PlayerDeath.h */,
			);
			name = Game;
			sourceTree = "<group>";
		};
/* End PBXGroup section */

/* Begin PBXNativeTarget section */
		6D2800B613760D3E00BD8D0D /* Disker */ = {
			isa = PBXNativeTarget;
			buildConfigurationList = 6D2800D513760D3E00BD8D0D /* Build configuration list for PBXNativeTarget "Disker" */;
			buildPhases = (
				6D2800B313760D3E00BD8D0D /* Sources */,
				6D2800B413760D3E00BD8D0D /* Frameworks */,
				6D2800B513760D3E00BD8D0D /* Resources */,
			);
			buildRules = (
			);
			dependencies = (
			);
			name = Disker;
			productName = Disker;
			productReference = 6D2800B713760D3E00BD8D0D /* Disker.app */;
			productType = "com.apple.product-type.application";
		};
/* End PBXNativeTarget section */

/* Begin PBXProject section */
		6D2800AE13760D3E00BD8D0D /* Project object */ = {
			isa = PBXProject;
			attributes = {
				LastUpgradeCheck = 0500;
				ORGANIZATIONNAME = SLTR;
			};
			buildConfigurationList = 6D2800B113760D3E00BD8D0D /* Build configuration list for PBXProject "Disker" */;
			compatibilityVersion = "Xcode 3.2";
			developmentRegion = English;
			hasScannedForEncodings = 0;
			knownRegions = (
				en,
			);
			mainGroup = 6D2800AC13760D3E00BD8D0D;
			productRefGroup = 6D2800B813760D3E00BD8D0D /* Products */;
			projectDirPath = "";
			projectRoot = "";
			targets = (
				6D2800B613760D3E00BD8D0D /* Disker */,
			);
		};
/* End PBXProject section */

/* Begin PBXResourcesBuildPhase section */
		6D2800B513760D3E00BD8D0D /* Resources */ = {
			isa = PBXResourcesBuildPhase;
			buildActionMask = 2147483647;
			files = (
				6D2800FE13760FC400BD8D0D /* default.pak in Resources */,
				6D022DEA1598EBF30030B45F /* main_icon.icns in Resources */,
				84836A5018E52D230088AEBA /* Credits.rtf in Resources */,
				84836A5118E52D230088AEBA /* InfoPlist.strings in Resources */,
				84836A5218E52D230088AEBA /* MainMenu.xib in Resources */,
			);
			runOnlyForDeploymentPostprocessing = 0;
		};
/* End PBXResourcesBuildPhase section */

/* Begin PBXSourcesBuildPhase section */
		6D2800B313760D3E00BD8D0D /* Sources */ = {
			isa = PBXSourcesBuildPhase;
			buildActionMask = 2147483647;
			files = (
				84836A3F18E52ACA0088AEBA /* Player.cpp in Sources */,
				84438B8F18E5328200D1C6A6 /* Boundary.cpp in Sources */,
				6D2800F913760E7C00BD8D0D /* PolycodeView.mm in Sources */,
				84836A4818E52CE80088AEBA /* DiskerAppDelegate.mm in Sources */,
				84836A3E18E52ACA0088AEBA /* InputHandler.cpp in Sources */,
				84836A4018E52ACA0088AEBA /* PlayerMovement.cpp in Sources */,
				84836A4918E52CE80088AEBA /* main.m in Sources */,
				84E5C39218E63B700037180B /* CollisionHandler.cpp in Sources */,
				6D2800FC13760F2C00BD8D0D /* DiskerApp.cpp in Sources */,
				84E5C39518E64F960037180B /* PlayerDeath.cpp in Sources */,
			);
			runOnlyForDeploymentPostprocessing = 0;
		};
/* End PBXSourcesBuildPhase section */

/* Begin PBXVariantGroup section */
		84836A4A18E52D230088AEBA /* Credits.rtf */ = {
			isa = PBXVariantGroup;
			children = (
				84836A4B18E52D230088AEBA /* en */,
			);
			name = Credits.rtf;
			sourceTree = "<group>";
		};
		84836A4C18E52D230088AEBA /* InfoPlist.strings */ = {
			isa = PBXVariantGroup;
			children = (
				84836A4D18E52D230088AEBA /* en */,
			);
			name = InfoPlist.strings;
			sourceTree = "<group>";
		};
		84836A4E18E52D230088AEBA /* MainMenu.xib */ = {
			isa = PBXVariantGroup;
			children = (
				84836A4F18E52D230088AEBA /* en */,
			);
			name = MainMenu.xib;
			sourceTree = "<group>";
		};
/* End PBXVariantGroup section */

/* Begin XCBuildConfiguration section */
		6D2800D313760D3E00BD8D0D /* Debug */ = {
			isa = XCBuildConfiguration;
			buildSettings = {
				CLANG_WARN_BOOL_CONVERSION = YES;
				CLANG_WARN_CONSTANT_CONVERSION = YES;
				CLANG_WARN_EMPTY_BODY = YES;
				CLANG_WARN_ENUM_CONVERSION = YES;
				CLANG_WARN_INT_CONVERSION = YES;
				CLANG_WARN__DUPLICATE_METHOD_MATCH = YES;
				GCC_C_LANGUAGE_STANDARD = gnu99;
				GCC_OPTIMIZATION_LEVEL = 0;
				GCC_PREPROCESSOR_DEFINITIONS = DEBUG;
				GCC_SYMBOLS_PRIVATE_EXTERN = NO;
				GCC_VERSION = com.apple.compilers.llvm.clang.1_0;
				GCC_WARN_64_TO_32_BIT_CONVERSION = YES;
				GCC_WARN_ABOUT_RETURN_TYPE = YES;
				GCC_WARN_UNDECLARED_SELECTOR = YES;
				GCC_WARN_UNINITIALIZED_AUTOS = YES;
				GCC_WARN_UNUSED_FUNCTION = YES;
				GCC_WARN_UNUSED_VARIABLE = YES;
				MACOSX_DEPLOYMENT_TARGET = 10.6;
				ONLY_ACTIVE_ARCH = YES;
				SDKROOT = macosx;
			};
			name = Debug;
		};
		6D2800D413760D3E00BD8D0D /* Release */ = {
			isa = XCBuildConfiguration;
			buildSettings = {
				CLANG_WARN_BOOL_CONVERSION = YES;
				CLANG_WARN_CONSTANT_CONVERSION = YES;
				CLANG_WARN_EMPTY_BODY = YES;
				CLANG_WARN_ENUM_CONVERSION = YES;
				CLANG_WARN_INT_CONVERSION = YES;
				CLANG_WARN__DUPLICATE_METHOD_MATCH = YES;
				GCC_C_LANGUAGE_STANDARD = gnu99;
				GCC_VERSION = com.apple.compilers.llvm.clang.1_0;
				GCC_WARN_64_TO_32_BIT_CONVERSION = YES;
				GCC_WARN_ABOUT_RETURN_TYPE = YES;
				GCC_WARN_UNDECLARED_SELECTOR = YES;
				GCC_WARN_UNINITIALIZED_AUTOS = YES;
				GCC_WARN_UNUSED_FUNCTION = YES;
				GCC_WARN_UNUSED_VARIABLE = YES;
				MACOSX_DEPLOYMENT_TARGET = 10.6;
				SDKROOT = macosx;
			};
			name = Release;
		};
		6D2800D613760D3E00BD8D0D /* Debug */ = {
			isa = XCBuildConfiguration;
			buildSettings = {
				ALWAYS_SEARCH_USER_PATHS = NO;
				CLANG_CXX_LIBRARY = "libc++";
				COMBINE_HIDPI_IMAGES = YES;
				COPY_PHASE_STRIP = NO;
				GCC_DYNAMIC_NO_PIC = NO;
				GCC_ENABLE_OBJC_EXCEPTIONS = YES;
				GCC_PRECOMPILE_PREFIX_HEADER = YES;
				GCC_PREFIX_HEADER = "Disker/Disker-Prefix.pch";
				HEADER_SEARCH_PATHS = (
					"\"$(SRCROOT)/Core/include\"",
					"\"$(SRCROOT)/Core/Dependencies/include\"",
					/Developer/SDKs/MacOSX10.6.sdk/System/Library/Frameworks/OpenAL.framework/Headers,
					/Applications/Xcode.app/Contents/Developer/Platforms/MacOSX.platform/Developer/SDKs/MacOSX10.7.sdk/System/Library/Frameworks/OpenAL.framework/Headers,
					"\"$(SRCROOT)/Modules/include\"",
					"\"$(SRCROOT)/Modules/Dependencies/include\"",
				);
				INFOPLIST_FILE = "Disker/Disker-Info.plist";
				LIBRARY_SEARCH_PATHS = (
					"$(inherited)",
					"$(SRCROOT)/Core/lib",
					"$(SRCROOT)/Core/Dependencies/lib",
					/usr/local/joram/disker/Core/Dependencies/lib,
					/usr/local/joram/disker/Modules/lib,
					"$(SRCROOT)/Modules/Dependencies/lib",
					"$(SRCROOT)/Modules/lib",
					/usr/local/joram/disker/Core/lib,
					/usr/local/joram/disker/Modules/Dependencies/lib,
				);
				MACOSX_DEPLOYMENT_TARGET = 10.7;
				PRODUCT_NAME = Disker;
				WRAPPER_EXTENSION = app;
			};
			name = Debug;
		};
		6D2800D713760D3E00BD8D0D /* Release */ = {
			isa = XCBuildConfiguration;
			buildSettings = {
				ALWAYS_SEARCH_USER_PATHS = NO;
				CLANG_CXX_LIBRARY = "libc++";
				COMBINE_HIDPI_IMAGES = YES;
				COPY_PHASE_STRIP = YES;
				DEBUG_INFORMATION_FORMAT = "dwarf-with-dsym";
				GCC_ENABLE_OBJC_EXCEPTIONS = YES;
				GCC_PRECOMPILE_PREFIX_HEADER = YES;
				GCC_PREFIX_HEADER = "Disker/Disker-Prefix.pch";
				HEADER_SEARCH_PATHS = (
					"\"$(SRCROOT)/Core/include\"",
					"\"$(SRCROOT)/Core/Dependencies/include\"",
					/Developer/SDKs/MacOSX10.6.sdk/System/Library/Frameworks/OpenAL.framework/Headers,
					/Applications/Xcode.app/Contents/Developer/Platforms/MacOSX.platform/Developer/SDKs/MacOSX10.7.sdk/System/Library/Frameworks/OpenAL.framework/Headers,
					"\"$(SRCROOT)/Modules/include\"",
					"\"$(SRCROOT)/Modules/Dependencies/include\"",
				);
				INFOPLIST_FILE = "Disker/Disker-Info.plist";
				LIBRARY_SEARCH_PATHS = (
					"$(inherited)",
					"$(SRCROOT)/Core/lib",
					"$(SRCROOT)/Core/Dependencies/lib",
					/usr/local/joram/disker/Core/Dependencies/lib,
					/usr/local/joram/disker/Modules/lib,
					"$(SRCROOT)/Modules/Dependencies/lib",
					"$(SRCROOT)/Modules/lib",
					/usr/local/joram/disker/Core/lib,
					/usr/local/joram/disker/Modules/Dependencies/lib,
				);
				MACOSX_DEPLOYMENT_TARGET = 10.7;
				PRODUCT_NAME = Disker;
				WRAPPER_EXTENSION = app;
			};
			name = Release;
		};
/* End XCBuildConfiguration section */

/* Begin XCConfigurationList section */
		6D2800B113760D3E00BD8D0D /* Build configuration list for PBXProject "Disker" */ = {
			isa = XCConfigurationList;
			buildConfigurations = (
				6D2800D313760D3E00BD8D0D /* Debug */,
				6D2800D413760D3E00BD8D0D /* Release */,
			);
			defaultConfigurationIsVisible = 0;
			defaultConfigurationName = Release;
		};
		6D2800D513760D3E00BD8D0D /* Build configuration list for PBXNativeTarget "Disker" */ = {
			isa = XCConfigurationList;
			buildConfigurations = (
				6D2800D613760D3E00BD8D0D /* Debug */,
				6D2800D713760D3E00BD8D0D /* Release */,
			);
			defaultConfigurationIsVisible = 0;
			defaultConfigurationName = Release;
		};
/* End XCConfigurationList section */
	};
	rootObject = 6D2800AE13760D3E00BD8D0D /* Project object */;
}
